Microsoft Visual Studio Solution File, Format Version 12.00
# Visual Studio Version 17
VisualStudioVersion = 17.5.2.0
MinimumVisualStudioVersion = 10.0.40219.1
Project("{FAE04EC0-301F-11D3-BF4B-00C04F79EFBC}") = "UniversityManagementSystem", "UniversityManagementSystem.csproj", "{88985A39-17D8-90C6-10D1-B384345B8D51}"
EndProject
Global
	GlobalSection(SolutionConfigurationPlatforms) = preSolution
		Debug|Any CPU = Debug|Any CPU
		Release|Any CPU = Release|Any CPU
	EndGlobalSection
	GlobalSection(ProjectConfigurationPlatforms) = postSolution
		{88985A39-17D8-90C6-10D1-B384345B8D51}.Debug|Any CPU.ActiveCfg = Debug|Any CPU
		{88985A39-17D8-90C6-10D1-B384345B8D51}.Debug|Any CPU.Build.0 = Debug|Any CPU
		{88985A39-17D8-90C6-10D1-B384345B8D51}.Release|Any CPU.ActiveCfg = Release|Any CPU
		{88985A39-17D8-90C6-10D1-B384345B8D51}.Release|Any CPU.Build.0 = Release|Any CPU
	EndGlobalSection
	GlobalSection(SolutionProperties) = preSolution
		HideSolutionNode = FALSE
	EndGlobalSection
	GlobalSection(ExtensibilityGlobals) = postSolution
		SolutionGuid = {059FB344-9997-4AAD-AD3F-6534630FCEA7}
	EndGlobalSection
EndGlobal
